
Microsoft Visual Studio Solution File, Format Version 12.00
# Visual Studio Version 16
VisualStudioVersion = 16.0.32002.261
MinimumVisualStudioVersion = 10.0.40219.1
Project("{9A19103F-16F7-4668-BE54-9A1E7A4F7556}") = "productapp", "productapp\productapp.csproj", "{9BE5EFA1-E7CE-4E1B-8B92-BDC6BD1C3E89}"
EndProject
Project("{FAE04EC0-301F-11D3-BF4B-00C04F79EFBC}") = "UnitTestProject1", "UnitTestProject1\UnitTestProject1.csproj", "{1B7BE216-C9F5-4A23-BB80-1C7D62B6777F}"
EndProject
Global
	GlobalSection(SolutionConfigurationPlatforms) = preSolution
		Debug|Any CPU = Debug|Any CPU
		Release|Any CPU = Release|Any CPU
	EndGlobalSection
	GlobalSection(ProjectConfigurationPlatforms) = postSolution
		{9BE5EFA1-E7CE-4E1B-8B92-BDC6BD1C3E89}.Debug|Any CPU.ActiveCfg = Debug|Any CPU
		{9BE5EFA1-E7CE-4E1B-8B92-BDC6BD1C3E89}.Debug|Any CPU.Build.0 = Debug|Any CPU
		{9BE5EFA1-E7CE-4E1B-8B92-BDC6BD1C3E89}.Release|Any CPU.ActiveCfg = Release|Any CPU
		{9BE5EFA1-E7CE-4E1B-8B92-BDC6BD1C3E89}.Release|Any CPU.Build.0 = Release|Any CPU
		{1B7BE216-C9F5-4A23-BB80-1C7D62B6777F}.Debug|Any CPU.ActiveCfg = Debug|Any CPU
		{1B7BE216-C9F5-4A23-BB80-1C7D62B6777F}.Debug|Any CPU.Build.0 = Debug|Any CPU
		{1B7BE216-C9F5-4A23-BB80-1C7D62B6777F}.Release|Any CPU.ActiveCfg = Release|Any CPU
		{1B7BE216-C9F5-4A23-BB80-1C7D62B6777F}.Release|Any CPU.Build.0 = Release|Any CPU
	EndGlobalSection
	GlobalSection(SolutionProperties) = preSolution
		HideSolutionNode = FALSE
	EndGlobalSection
	GlobalSection(ExtensibilityGlobals) = postSolution
		SolutionGuid = {75A72B48-C3EE-423F-BDCB-623E31CBF4F4}
	EndGlobalSection
EndGlobal
